{
  "pins" : [
    {
      "identity" : "compute",
      "kind" : "remoteSourceControl",
      "location" : "https://github.com/swift-cloud/Compute",
      "state" : {
        "revision" : "1b8323caa0e44c87e426b3f414742ea3ab5ce343",
        "version" : "1.11.0"
      }
    },
    {
      "identity" : "cryptoswift",
      "kind" : "remoteSourceControl",
      "location" : "https://github.com/krzyzanowskim/CryptoSwift.git",
      "state" : {
        "revision" : "19b3c3ceed117c5cc883517c4e658548315ba70b",
        "version" : "1.6.0"
      }
    }
  ],
  "version" : 2
}
